
Microsoft Visual Studio Solution File, Format Version 12.00
# Visual Studio Version 16
VisualStudioVersion = 16.0.29326.143
MinimumVisualStudioVersion = 10.0.40219.1
Project("{FAE04EC0-301F-11D3-BF4B-00C04F79EFBC}") = "MvcMovie", "MvcMovie.csproj", "{1F392DC9-779C-4C68-A414-B1BBE36A71F8}"
EndProject
Global
	GlobalSection(SolutionConfigurationPlatforms) = preSolution
		Debug|Any CPU = Debug|Any CPU
		Release|Any CPU = Release|Any CPU
	EndGlobalSection
	GlobalSection(ProjectConfigurationPlatforms) = postSolution
		{1F392DC9-779C-4C68-A414-B1BBE36A71F8}.Debug|Any CPU.ActiveCfg = Debug|Any CPU
		{1F392DC9-779C-4C68-A414-B1BBE36A71F8}.Debug|Any CPU.Build.0 = Debug|Any CPU
		{1F392DC9-779C-4C68-A414-B1BBE36A71F8}.Release|Any CPU.ActiveCfg = Release|Any CPU
		{1F392DC9-779C-4C68-A414-B1BBE36A71F8}.Release|Any CPU.Build.0 = Release|Any CPU
	EndGlobalSection
	GlobalSection(SolutionProperties) = preSolution
		HideSolutionNode = FALSE
	EndGlobalSection
	GlobalSection(ExtensibilityGlobals) = postSolution
		SolutionGuid = {8EA61BFE-34CA-4CD8-BDC5-596CE26DE57F}
	EndGlobalSection
EndGlobal
